// !$*UTF8*$!
{
	archiveVersion = 1;
	classes = {
	};
	objectVersion = 46;
	objects = {

/* Begin PBXBuildFile section */
		7D2412101BEC9D85007AA2F4 /* main.m in Sources */ = {isa = PBXBuildFile; fileRef = 7D24120F1BEC9D85007AA2F4 /* main.m */; };
		7D2412131BEC9D85007AA2F4 /* AppDelegate.m in Sources */ = {isa = PBXBuildFile; fileRef = 7D2412121BEC9D85007AA2F4 /* AppDelegate.m */; };
		7D2412161BEC9D85007AA2F4 /* ViewController.m in Sources */ = {isa = PBXBuildFile; fileRef = 7D2412151BEC9D85007AA2F4 /* ViewController.m */; };
		7D2412191BEC9D85007AA2F4 /* Main.storyboard in Resources */ = {isa = PBXBuildFile; fileRef = 7D2412171BEC9D85007AA2F4 /* Main.storyboard */; };
		7D24121B1BEC9D85007AA2F4 /* Assets.xcassets in Resources */ = {isa = PBXBuildFile; fileRef = 7D24121A1BEC9D85007AA2F4 /* Assets.xcassets */; };
		7D24121E1BEC9D85007AA2F4 /* LaunchScreen.storyboard in Resources */ = {isa = PBXBuildFile; fileRef = 7D24121C1BEC9D85007AA2F4 /* LaunchScreen.storyboard */; };
		7D2412291BEC9D85007AA2F4 /* __HDTests.m in Sources */ = {isa = PBXBuildFile; fileRef = 7D2412281BEC9D85007AA2F4 /* __HDTests.m */; };
		7D2412341BEC9D85007AA2F4 /* __HDUITests.m in Sources */ = {isa = PBXBuildFile; fileRef = 7D2412331BEC9D85007AA2F4 /* __HDUITests.m */; };
/* End PBXBuildFile section */

/* Begin PBXContainerItemProxy section */
		7D2412251BEC9D85007AA2F4 /* PBXContainerItemProxy */ = {
			isa = PBXContainerItemProxy;
			containerPortal = 7D2412031BEC9D85007AA2F4 /* Project object */;
			proxyType = 1;
			remoteGlobalIDString = 7D24120A1BEC9D85007AA2F4;
			remoteInfo = "美团HD";
		};
		7D2412301BEC9D85007AA2F4 /* PBXContainerItemProxy */ = {
			isa = PBXContainerItemProxy;
			containerPortal = 7D2412031BEC9D85007AA2F4 /* Project object */;
			proxyType = 1;
			remoteGlobalIDString = 7D24120A1BEC9D85007AA2F4;
			remoteInfo = "美团HD";
		};
/* End PBXContainerItemProxy section */

/* Begin PBXFileReference section */
		7D24120B1BEC9D85007AA2F4 /* 美团HD.app */ = {isa = PBXFileReference; explicitFileType = wrapper.application; includeInIndex = 0; path = "美团HD.app"; sourceTree = BUILT_PRODUCTS_DIR; };
		7D24120F1BEC9D85007AA2F4 /* main.m */ = {isa = PBXFileReference; lastKnownFileType = sourcecode.c.objc; path = main.m; sourceTree = "<group>"; };
		7D2412111BEC9D85007AA2F4 /* AppDelegate.h */ = {isa = PBXFileReference; lastKnownFileType = sourcecode.c.h; path = AppDelegate.h; sourceTree = "<group>"; };
		7D2412121BEC9D85007AA2F4 /* AppDelegate.m */ = {isa = PBXFileReference; lastKnownFileType = sourcecode.c.objc; path = AppDelegate.m; sourceTree = "<group>"; };
		7D2412141BEC9D85007AA2F4 /* ViewController.h */ = {isa = PBXFileReference; lastKnownFileType = sourcecode.c.h; path = ViewController.h; sourceTree = "<group>"; };
		7D2412151BEC9D85007AA2F4 /* ViewController.m */ = {isa = PBXFileReference; lastKnownFileType = sourcecode.c.objc; path = ViewController.m; sourceTree = "<group>"; };
		7D2412181BEC9D85007AA2F4 /* Base */ = {isa = PBXFileReference; lastKnownFileType = file.storyboard; name = Base; path = Base.lproj/Main.storyboard; sourceTree = "<group>"; };
		7D24121A1BEC9D85007AA2F4 /* Assets.xcassets */ = {isa = PBXFileReference; lastKnownFileType = folder.assetcatalog; path = Assets.xcassets; sourceTree = "<group>"; };
		7D24121D1BEC9D85007AA2F4 /* Base */ = {isa = PBXFileReference; lastKnownFileType = file.storyboard; name = Base; path = Base.lproj/LaunchScreen.storyboard; sourceTree = "<group>"; };
		7D24121F1BEC9D85007AA2F4 /* Info.plist */ = {isa = PBXFileReference; lastKnownFileType = text.plist.xml; path = Info.plist; sourceTree = "<group>"; };
		7D2412241BEC9D85007AA2F4 /* 美团HDTests.xctest */ = {isa = PBXFileReference; explicitFileType = wrapper.cfbundle; includeInIndex = 0; path = "美团HDTests.xctest"; sourceTree = BUILT_PRODUCTS_DIR; };
		7D2412281BEC9D85007AA2F4 /* __HDTests.m */ = {isa = PBXFileReference; lastKnownFileType = sourcecode.c.objc; path = __HDTests.m; sourceTree = "<group>"; };
		7D24122A1BEC9D85007AA2F4 /* Info.plist */ = {isa = PBXFileReference; lastKnownFileType = text.plist.xml; path = Info.plist; sourceTree = "<group>"; };
		7D24122F1BEC9D85007AA2F4 /* 美团HDUITests.xctest */ = {isa = PBXFileReference; explicitFileType = wrapper.cfbundle; includeInIndex = 0; path = "美团HDUITests.xctest"; sourceTree = BUILT_PRODUCTS_DIR; };
		7D2412331BEC9D85007AA2F4 /* __HDUITests.m */ = {isa = PBXFileReference; lastKnownFileType = sourcecode.c.objc; path = __HDUITests.m; sourceTree = "<group>"; };
		7D2412351BEC9D85007AA2F4 /* Info.plist */ = {isa = PBXFileReference; lastKnownFileType = text.plist.xml; path = Info.plist; sourceTree = "<group>"; };
/* End PBXFileReference section */

/* Begin PBXFrameworksBuildPhase section */
		7D2412081BEC9D85007AA2F4 /* Frameworks */ = {
			isa = PBXFrameworksBuildPhase;
			buildActionMask = 2147483647;
			files = (
			);
			runOnlyForDeploymentPostprocessing = 0;
		};
		7D2412211BEC9D85007AA2F4 /* Frameworks */ = {
			isa = PBXFrameworksBuildPhase;
			buildActionMask = 2147483647;
			files = (
			);
			runOnlyForDeploymentPostprocessing = 0;
		};
		7D24122C1BEC9D85007AA2F4 /* Frameworks */ = {
			isa = PBXFrameworksBuildPhase;
			buildActionMask = 2147483647;
			files = (
			);
			runOnlyForDeploymentPostprocessing = 0;
		};
/* End PBXFrameworksBuildPhase section */

/* Begin PBXGroup section */
		7D2412021BEC9D85007AA2F4 = {
			isa = PBXGroup;
			children = (
				7D24120D1BEC9D85007AA2F4 /* 美团HD */,
				7D2412271BEC9D85007AA2F4 /* 美团HDTests */,
				7D2412321BEC9D85007AA2F4 /* 美团HDUITests */,
				7D24120C1BEC9D85007AA2F4 /* Products */,
			);
			sourceTree = "<group>";
		};
		7D24120C1BEC9D85007AA2F4 /* Products */ = {
			isa = PBXGroup;
			children = (
				7D24120B1BEC9D85007AA2F4 /* 美团HD.app */,
				7D2412241BEC9D85007AA2F4 /* 美团HDTests.xctest */,
				7D24122F1BEC9D85007AA2F4 /* 美团HDUITests.xctest */,
			);
			name = Products;
			sourceTree = "<group>";
		};
		7D24120D1BEC9D85007AA2F4 /* 美团HD */ = {
			isa = PBXGroup;
			children = (
				7D2412111BEC9D85007AA2F4 /* AppDelegate.h */,
				7D2412121BEC9D85007AA2F4 /* AppDelegate.m */,
				7D2412141BEC9D85007AA2F4 /* ViewController.h */,
				7D2412151BEC9D85007AA2F4 /* ViewController.m */,
				7D2412171BEC9D85007AA2F4 /* Main.storyboard */,
				7D24121A1BEC9D85007AA2F4 /* Assets.xcassets */,
				7D24121C1BEC9D85007AA2F4 /* LaunchScreen.storyboard */,
				7D24121F1BEC9D85007AA2F4 /* Info.plist */,
				7D24120E1BEC9D85007AA2F4 /* Supporting Files */,
			);
			path = "美团HD";
			sourceTree = "<group>";
		};
		7D24120E1BEC9D85007AA2F4 /* Supporting Files */ = {
			isa = PBXGroup;
			children = (
				7D24120F1BEC9D85007AA2F4 /* main.m */,
			);
			name = "Supporting Files";
			sourceTree = "<group>";
		};
		7D2412271BEC9D85007AA2F4 /* 美团HDTests */ = {
			isa = PBXGroup;
			children = (
				7D2412281BEC9D85007AA2F4 /* __HDTests.m */,
				7D24122A1BEC9D85007AA2F4 /* Info.plist */,
			);
			path = "美团HDTests";
			sourceTree = "<group>";
		};
		7D2412321BEC9D85007AA2F4 /* 美团HDUITests */ = {
			isa = PBXGroup;
			children = (
				7D2412331BEC9D85007AA2F4 /* __HDUITests.m */,
				7D2412351BEC9D85007AA2F4 /* Info.plist */,
			);
			path = "美团HDUITests";
			sourceTree = "<group>";
		};
/* End PBXGroup section */

/* Begin PBXNativeTarget section */
		7D24120A1BEC9D85007AA2F4 /* 美团HD */ = {
			isa = PBXNativeTarget;
			buildConfigurationList = 7D2412381BEC9D85007AA2F4 /* Build configuration list for PBXNativeTarget "美团HD" */;
			buildPhases = (
				7D2412071BEC9D85007AA2F4 /* Sources */,
				7D2412081BEC9D85007AA2F4 /* Frameworks */,
				7D2412091BEC9D85007AA2F4 /* Resources */,
			);
			buildRules = (
			);
			dependencies = (
			);
			name = "美团HD";
			productName = "美团HD";
			productReference = 7D24120B1BEC9D85007AA2F4 /* 美团HD.app */;
			productType = "com.apple.product-type.application";
		};
		7D2412231BEC9D85007AA2F4 /* 美团HDTests */ = {
			isa = PBXNativeTarget;
			buildConfigurationList = 7D24123B1BEC9D85007AA2F4 /* Build configuration list for PBXNativeTarget "美团HDTests" */;
			buildPhases = (
				7D2412201BEC9D85007AA2F4 /* Sources */,
				7D2412211BEC9D85007AA2F4 /* Frameworks */,
				7D2412221BEC9D85007AA2F4 /* Resources */,
			);
			buildRules = (
			);
			dependencies = (
				7D2412261BEC9D85007AA2F4 /* PBXTargetDependency */,
			);
			name = "美团HDTests";
			productName = "美团HDTests";
			productReference = 7D2412241BEC9D85007AA2F4 /* 美团HDTests.xctest */;
			productType = "com.apple.product-type.bundle.unit-test";
		};
		7D24122E1BEC9D85007AA2F4 /* 美团HDUITests */ = {
			isa = PBXNativeTarget;
			buildConfigurationList = 7D24123E1BEC9D85007AA2F4 /* Build configuration list for PBXNativeTarget "美团HDUITests" */;
			buildPhases = (
				7D24122B1BEC9D85007AA2F4 /* Sources */,
				7D24122C1BEC9D85007AA2F4 /* Frameworks */,
				7D24122D1BEC9D85007AA2F4 /* Resources */,
			);
			buildRules = (
			);
			dependencies = (
				7D2412311BEC9D85007AA2F4 /* PBXTargetDependency */,
			);
			name = "美团HDUITests";
			productName = "美团HDUITests";
			productReference = 7D24122F1BEC9D85007AA2F4 /* 美团HDUITests.xctest */;
			productType = "com.apple.product-type.bundle.ui-testing";
		};
/* End PBXNativeTarget section */

/* Begin PBXProject section */
		7D2412031BEC9D85007AA2F4 /* Project object */ = {
			isa = PBXProject;
			attributes = {
				LastUpgradeCheck = 0710;
				ORGANIZATIONNAME = pikeYoung;
				TargetAttributes = {
					7D24120A1BEC9D85007AA2F4 = {
						CreatedOnToolsVersion = 7.1;
					};
					7D2412231BEC9D85007AA2F4 = {
						CreatedOnToolsVersion = 7.1;
						TestTargetID = 7D24120A1BEC9D85007AA2F4;
					};
					7D24122E1BEC9D85007AA2F4 = {
						CreatedOnToolsVersion = 7.1;
						TestTargetID = 7D24120A1BEC9D85007AA2F4;
					};
				};
			};
			buildConfigurationList = 7D2412061BEC9D85007AA2F4 /* Build configuration list for PBXProject "美团HD" */;
			compatibilityVersion = "Xcode 3.2";
			developmentRegion = English;
			hasScannedForEncodings = 0;
			knownRegions = (
				en,
				Base,
			);
			mainGroup = 7D2412021BEC9D85007AA2F4;
			productRefGroup = 7D24120C1BEC9D85007AA2F4 /* Products */;
			projectDirPath = "";
			projectRoot = "";
			targets = (
				7D24120A1BEC9D85007AA2F4 /* 美团HD */,
				7D2412231BEC9D85007AA2F4 /* 美团HDTests */,
				7D24122E1BEC9D85007AA2F4 /* 美团HDUITests */,
			);
		};
/* End PBXProject section */

/* Begin PBXResourcesBuildPhase section */
		7D2412091BEC9D85007AA2F4 /* Resources */ = {
			isa = PBXResourcesBuildPhase;
			buildActionMask = 2147483647;
			files = (
				7D24121E1BEC9D85007AA2F4 /* LaunchScreen.storyboard in Resources */,
				7D24121B1BEC9D85007AA2F4 /* Assets.xcassets in Resources */,
				7D2412191BEC9D85007AA2F4 /* Main.storyboard in Resources */,
			);
			runOnlyForDeploymentPostprocessing = 0;
		};
		7D2412221BEC9D85007AA2F4 /* Resources */ = {
			isa = PBXResourcesBuildPhase;
			buildActionMask = 2147483647;
			files = (
			);
			runOnlyForDeploymentPostprocessing = 0;
		};
		7D24122D1BEC9D85007AA2F4 /* Resources */ = {
			isa = PBXResourcesBuildPhase;
			buildActionMask = 2147483647;
			files = (
			);
			runOnlyForDeploymentPostprocessing = 0;
		};
/* End PBXResourcesBuildPhase section */

/* Begin PBXSourcesBuildPhase section */
		7D2412071BEC9D85007AA2F4 /* Sources */ = {
			isa = PBXSourcesBuildPhase;
			buildActionMask = 2147483647;
			files = (
				7D2412161BEC9D85007AA2F4 /* ViewController.m in Sources */,
				7D2412131BEC9D85007AA2F4 /* AppDelegate.m in Sources */,
				7D2412101BEC9D85007AA2F4 /* main.m in Sources */,
			);
			runOnlyForDeploymentPostprocessing = 0;
		};
		7D2412201BEC9D85007AA2F4 /* Sources */ = {
			isa = PBXSourcesBuildPhase;
			buildActionMask = 2147483647;
			files = (
				7D2412291BEC9D85007AA2F4 /* __HDTests.m in Sources */,
			);
			runOnlyForDeploymentPostprocessing = 0;
		};
		7D24122B1BEC9D85007AA2F4 /* Sources */ = {
			isa = PBXSourcesBuildPhase;
			buildActionMask = 2147483647;
			files = (
				7D2412341BEC9D85007AA2F4 /* __HDUITests.m in Sources */,
			);
			runOnlyForDeploymentPostprocessing = 0;
		};
/* End PBXSourcesBuildPhase section */

/* Begin PBXTargetDependency section */
		7D2412261BEC9D85007AA2F4 /* PBXTargetDependency */ = {
			isa = PBXTargetDependency;
			target = 7D24120A1BEC9D85007AA2F4 /* 美团HD */;
			targetProxy = 7D2412251BEC9D85007AA2F4 /* PBXContainerItemProxy */;
		};
		7D2412311BEC9D85007AA2F4 /* PBXTargetDependency */ = {
			isa = PBXTargetDependency;
			target = 7D24120A1BEC9D85007AA2F4 /* 美团HD */;
			targetProxy = 7D2412301BEC9D85007AA2F4 /* PBXContainerItemProxy */;
		};
/* End PBXTargetDependency section */

/* Begin PBXVariantGroup section */
		7D2412171BEC9D85007AA2F4 /* Main.storyboard */ = {
			isa = PBXVariantGroup;
			children = (
				7D2412181BEC9D85007AA2F4 /* Base */,
			);
			name = Main.storyboard;
			sourceTree = "<group>";
		};
		7D24121C1BEC9D85007AA2F4 /* LaunchScreen.storyboard */ = {
			isa = PBXVariantGroup;
			children = (
				7D24121D1BEC9D85007AA2F4 /* Base */,
			);
			name = LaunchScreen.storyboard;
			sourceTree = "<group>";
		};
/* End PBXVariantGroup section */

/* Begin XCBuildConfiguration section */
		7D2412361BEC9D85007AA2F4 /* Debug */ = {
			isa = XCBuildConfiguration;
			buildSettings = {
				ALWAYS_SEARCH_USER_PATHS = NO;
				CLANG_CXX_LANGUAGE_STANDARD = "gnu++0x";
				CLANG_CXX_LIBRARY = "libc++";
				CLANG_ENABLE_MODULES = YES;
				CLANG_ENABLE_OBJC_ARC = YES;
				CLANG_WARN_BOOL_CONVERSION = YES;
				CLANG_WARN_CONSTANT_CONVERSION = YES;
				CLANG_WARN_DIRECT_OBJC_ISA_USAGE = YES_ERROR;
				CLANG_WARN_EMPTY_BODY = YES;
				CLANG_WARN_ENUM_CONVERSION = YES;
				CLANG_WARN_INT_CONVERSION = YES;
				CLANG_WARN_OBJC_ROOT_CLASS = YES_ERROR;
				CLANG_WARN_UNREACHABLE_CODE = YES;
				CLANG_WARN__DUPLICATE_METHOD_MATCH = YES;
				"CODE_SIGN_IDENTITY[sdk=iphoneos*]" = "iPhone Developer";
				COPY_PHASE_STRIP = NO;
				DEBUG_INFORMATION_FORMAT = dwarf;
				ENABLE_STRICT_OBJC_MSGSEND = YES;
				ENABLE_TESTABILITY = YES;
				GCC_C_LANGUAGE_STANDARD = gnu99;
				GCC_DYNAMIC_NO_PIC = NO;
				GCC_NO_COMMON_BLOCKS = YES;
				GCC_OPTIMIZATION_LEVEL = 0;
				GCC_PREPROCESSOR_DEFINITIONS = (
					"DEBUG=1",
					"$(inherited)",
				);
				GCC_WARN_64_TO_32_BIT_CONVERSION = YES;
				GCC_WARN_ABOUT_RETURN_TYPE = YES_ERROR;
				GCC_WARN_UNDECLARED_SELECTOR = YES;
				GCC_WARN_UNINITIALIZED_AUTOS = YES_AGGRESSIVE;
				GCC_WARN_UNUSED_FUNCTION = YES;
				GCC_WARN_UNUSED_VARIABLE = YES;
				IPHONEOS_DEPLOYMENT_TARGET = 9.1;
				MTL_ENABLE_DEBUG_INFO = YES;
				ONLY_ACTIVE_ARCH = YES;
				SDKROOT = iphoneos;
				TARGETED_DEVICE_FAMILY = 2;
			};
			name = Debug;
		};
		7D2412371BEC9D85007AA2F4 /* Release */ = {
			isa = XCBuildConfiguration;
			buildSettings = {
				ALWAYS_SEARCH_USER_PATHS = NO;
				CLANG_CXX_LANGUAGE_STANDARD = "gnu++0x";
				CLANG_CXX_LIBRARY = "libc++";
				CLANG_ENABLE_MODULES = YES;
				CLANG_ENABLE_OBJC_ARC = YES;
				CLANG_WARN_BOOL_CONVERSION = YES;
				CLANG_WARN_CONSTANT_CONVERSION = YES;
				CLANG_WARN_DIRECT_OBJC_ISA_USAGE = YES_ERROR;
				CLANG_WARN_EMPTY_BODY = YES;
				CLANG_WARN_ENUM_CONVERSION = YES;
				CLANG_WARN_INT_CONVERSION = YES;
				CLANG_WARN_OBJC_ROOT_CLASS = YES_ERROR;
				CLANG_WARN_UNREACHABLE_CODE = YES;
				CLANG_WARN__DUPLICATE_METHOD_MATCH = YES;
				"CODE_SIGN_IDENTITY[sdk=iphoneos*]" = "iPhone Developer";
				COPY_PHASE_STRIP = NO;
				DEBUG_INFORMATION_FORMAT = "dwarf-with-dsym";
				ENABLE_NS_ASSERTIONS = NO;
				ENABLE_STRICT_OBJC_MSGSEND = YES;
				GCC_C_LANGUAGE_STANDARD = gnu99;
				GCC_NO_COMMON_BLOCKS = YES;
				GCC_WARN_64_TO_32_BIT_CONVERSION = YES;
				GCC_WARN_ABOUT_RETURN_TYPE = YES_ERROR;
				GCC_WARN_UNDECLARED_SELECTOR = YES;
				GCC_WARN_UNINITIALIZED_AUTOS = YES_AGGRESSIVE;
				GCC_WARN_UNUSED_FUNCTION = YES;
				GCC_WARN_UNUSED_VARIABLE = YES;
				IPHONEOS_DEPLOYMENT_TARGET = 9.1;
				MTL_ENABLE_DEBUG_INFO = NO;
				SDKROOT = iphoneos;
				TARGETED_DEVICE_FAMILY = 2;
				VALIDATE_PRODUCT = YES;
			};
			name = Release;
		};
		7D2412391BEC9D85007AA2F4 /* Debug */ = {
			isa = XCBuildConfiguration;
			buildSettings = {
				ASSETCATALOG_COMPILER_APPICON_NAME = AppIcon;
				INFOPLIST_FILE = "美团HD/Info.plist";
				LD_RUNPATH_SEARCH_PATHS = "$(inherited) @executable_path/Frameworks";
				PRODUCT_BUNDLE_IDENTIFIER = "cn.pike.--HD";
				PRODUCT_NAME = "$(TARGET_NAME)";
			};
			name = Debug;
		};
		7D24123A1BEC9D85007AA2F4 /* Release */ = {
			isa = XCBuildConfiguration;
			buildSettings = {
				ASSETCATALOG_COMPILER_APPICON_NAME = AppIcon;
				INFOPLIST_FILE = "美团HD/Info.plist";
				LD_RUNPATH_SEARCH_PATHS = "$(inherited) @executable_path/Frameworks";
				PRODUCT_BUNDLE_IDENTIFIER = "cn.pike.--HD";
				PRODUCT_NAME = "$(TARGET_NAME)";
			};
			name = Release;
		};
		7D24123C1BEC9D85007AA2F4 /* Debug */ = {
			isa = XCBuildConfiguration;
			buildSettings = {
				BUNDLE_LOADER = "$(TEST_HOST)";
				INFOPLIST_FILE = "美团HDTests/Info.plist";
				LD_RUNPATH_SEARCH_PATHS = "$(inherited) @executable_path/Frameworks @loader_path/Frameworks";
				PRODUCT_BUNDLE_IDENTIFIER = "cn.pike.--HDTests";
				PRODUCT_NAME = "$(TARGET_NAME)";
				TEST_HOST = "$(BUILT_PRODUCTS_DIR)/美团HD.app/美团HD";
			};
			name = Debug;
		};
		7D24123D1BEC9D85007AA2F4 /* Release */ = {
			isa = XCBuildConfiguration;
			buildSettings = {
				BUNDLE_LOADER = "$(TEST_HOST)";
				INFOPLIST_FILE = "美团HDTests/Info.plist";
				LD_RUNPATH_SEARCH_PATHS = "$(inherited) @executable_path/Frameworks @loader_path/Frameworks";
				PRODUCT_BUNDLE_IDENTIFIER = "cn.pike.--HDTests";
				PRODUCT_NAME = "$(TARGET_NAME)";
				TEST_HOST = "$(BUILT_PRODUCTS_DIR)/美团HD.app/美团HD";
			};
			name = Release;
		};
		7D24123F1BEC9D85007AA2F4 /* Debug */ = {
			isa = XCBuildConfiguration;
			buildSettings = {
				INFOPLIST_FILE = "美团HDUITests/Info.plist";
				LD_RUNPATH_SEARCH_PATHS = "$(inherited) @executable_path/Frameworks @loader_path/Frameworks";
				PRODUCT_BUNDLE_IDENTIFIER = "cn.pike.--HDUITests";
				PRODUCT_NAME = "$(TARGET_NAME)";
				TEST_TARGET_NAME = "美团HD";
				USES_XCTRUNNER = YES;
			};
			name = Debug;
		};
		7D2412401BEC9D85007AA2F4 /* Release */ = {
			isa = XCBuildConfiguration;
			buildSettings = {
				INFOPLIST_FILE = "美团HDUITests/Info.plist";
				LD_RUNPATH_SEARCH_PATHS = "$(inherited) @executable_path/Frameworks @loader_path/Frameworks";
				PRODUCT_BUNDLE_IDENTIFIER = "cn.pike.--HDUITests";
				PRODUCT_NAME = "$(TARGET_NAME)";
				TEST_TARGET_NAME = "美团HD";
				USES_XCTRUNNER = YES;
			};
			name = Release;
		};
/* End XCBuildConfiguration section */

/* Begin XCConfigurationList section */
		7D2412061BEC9D85007AA2F4 /* Build configuration list for PBXProject "美团HD" */ = {
			isa = XCConfigurationList;
			buildConfigurations = (
				7D2412361BEC9D85007AA2F4 /* Debug */,
				7D2412371BEC9D85007AA2F4 /* Release */,
			);
			defaultConfigurationIsVisible = 0;
			defaultConfigurationName = Release;
		};
		7D2412381BEC9D85007AA2F4 /* Build configuration list for PBXNativeTarget "美团HD" */ = {
			isa = XCConfigurationList;
			buildConfigurations = (
				7D2412391BEC9D85007AA2F4 /* Debug */,
				7D24123A1BEC9D85007AA2F4 /* Release */,
			);
			defaultConfigurationIsVisible = 0;
		};
		7D24123B1BEC9D85007AA2F4 /* Build configuration list for PBXNativeTarget "美团HDTests" */ = {
			isa = XCConfigurationList;
			buildConfigurations = (
				7D24123C1BEC9D85007AA2F4 /* Debug */,
				7D24123D1BEC9D85007AA2F4 /* Release */,
			);
			defaultConfigurationIsVisible = 0;
		};
		7D24123E1BEC9D85007AA2F4 /* Build configuration list for PBXNativeTarget "美团HDUITests" */ = {
			isa = XCConfigurationList;
			buildConfigurations = (
				7D24123F1BEC9D85007AA2F4 /* Debug */,
				7D2412401BEC9D85007AA2F4 /* Release */,
			);
			defaultConfigurationIsVisible = 0;
		};
/* End XCConfigurationList section */
	};
	rootObject = 7D2412031BEC9D85007AA2F4 /* Project object */;
}
